# Generated by buf. DO NOT EDIT.
version: v1
deps:
  - remote: buf.build
    owner: envoyproxy
    repository: protoc-gen-validate
    commit: 6607b10f00ed4a3d98f906807131c44a
    digest: shake256:acc7b2ededb2f88d296862943a003b157bdb68ec93ed13dcd8566b2d06e47993ea6daf12013b9655658aaf6bbdb141cf65bfe400ce2870f4654b0a5b45e57c09
  - remote: buf.build
    owner: sanctumlabs
    repository: events
    commit: 7d2cf27d20bc40528b9749a3eb7ae0de
    digest: shake256:ba3c924cfd981e46204f77585e025495eedfc7c98ee609a457fda760a5117eab1d021f8da29cdc2b3113797abf857caaa94eb46b434345bb0179b745c8174ded
  - remote: buf.build
    owner: sanctumlabs
    repository: shared
    commit: 85f7cc0ad08b4f47887b1dcd28b137b9
    digest: shake256:65a08e5fcff5b79260a722ca231687e85c8afac7f922a38f7601f0e0f97a1267316c7603afa578324c501cc36e0b2e27a176147e352c150ed70ce59d344e3a20
