# Generated by buf. DO NOT EDIT.
version: v1
deps:
  - remote: buf.build
    owner: envoyproxy
    repository: protoc-gen-validate
    commit: eac44469a7af47e7839a7f1f3d7ac004
    digest: shake256:0feabcde01b6b11e3c75a5e3f807968d5995626546f39c37e5d4205892b3a59cced0ed83b35a2eb9e6dddd3309660ad46b737c9dcd224b425de0a6654ce04417
  - remote: buf.build
    owner: sanctumlabs
    repository: events
    commit: 0c24427eff3343dd8ba37da85f138d0c
    digest: shake256:355af763a64f96cd814331ab02c57bace5828db904d21e4c307fd72d6441602b7d0293ef2966716d7b1322d04457337e56501887f8bb29756635fa32938688c4
  - remote: buf.build
    owner: sanctumlabs
    repository: shared
    commit: 5f13d49512c84504ac0cedc518bce507
    digest: shake256:859961245391c816826a3574f02031e8fb8587f1f716d1bff064936ff4245843716400bff887df2932ce4c752bb36e219ee2ea38c1d3787fdafd77ee725b2306
