# Generated by buf. DO NOT EDIT.
version: v1
deps:
  - remote: buf.build
    owner: envoyproxy
    repository: protoc-gen-validate
    commit: 6607b10f00ed4a3d98f906807131c44a
    digest: shake256:acc7b2ededb2f88d296862943a003b157bdb68ec93ed13dcd8566b2d06e47993ea6daf12013b9655658aaf6bbdb141cf65bfe400ce2870f4654b0a5b45e57c09
  - remote: buf.build
    owner: sanctumlabs
    repository: events
    commit: dd1c7b46720e4354bc55c44eadddd263
    digest: shake256:58685c7ab141f5edfb514ad717526bed78488f23901a17597c3a49a5bf695813b4601eceddfc42e3e7d10e0937bb3bbfd2ee728fe5f9f253f6a5ffbe39621d04
  - remote: buf.build
    owner: sanctumlabs
    repository: shared
    commit: 85f7cc0ad08b4f47887b1dcd28b137b9
    digest: shake256:65a08e5fcff5b79260a722ca231687e85c8afac7f922a38f7601f0e0f97a1267316c7603afa578324c501cc36e0b2e27a176147e352c150ed70ce59d344e3a20
