# Generated by buf. DO NOT EDIT.
version: v1
deps:
  - remote: buf.build
    owner: envoyproxy
    repository: protoc-gen-validate
    commit: 6607b10f00ed4a3d98f906807131c44a
    digest: shake256:acc7b2ededb2f88d296862943a003b157bdb68ec93ed13dcd8566b2d06e47993ea6daf12013b9655658aaf6bbdb141cf65bfe400ce2870f4654b0a5b45e57c09
  - remote: buf.build
    owner: sanctumlab
    repository: shared
    commit: e6d812d906a847a78957c084d3bb075a
    digest: shake256:fe562adfeaad6a9ccc624f2f6c00e7252c6ea2683b8d1284b77c9c68780184bc1d670d521f932afd5d1a3dd77948bb77979f1434e59670f8089aeb79de5648c4
